
Microsoft Visual Studio Solution File, Format Version 12.00
# Visual Studio 15
VisualStudioVersion = 15.0.28307.960
MinimumVisualStudioVersion = 10.0.40219.1
Project("{FAE04EC0-301F-11D3-BF4B-00C04F79EFBC}") = "ForumComments", "ForumComments\ForumComments.csproj", "{8828D4DF-97C0-4D7C-97E1-CB0B06790DAE}"
EndProject
Project("{2150E333-8FDC-42A3-9474-1A3956D46DE8}") = "Shared", "Shared", "{6A08C030-8718-4C34-91C3-1FDDFD705402}"
EndProject
Project("{9A19103F-16F7-4668-BE54-9A1E7A4F7556}") = "Common", "Common\Common.csproj", "{201158A5-CC1E-4589-BE92-D36AA58D8BBA}"
EndProject
Global
	GlobalSection(SolutionConfigurationPlatforms) = preSolution
		Debug|Any CPU = Debug|Any CPU
		Release|Any CPU = Release|Any CPU
	EndGlobalSection
	GlobalSection(ProjectConfigurationPlatforms) = postSolution
		{8828D4DF-97C0-4D7C-97E1-CB0B06790DAE}.Debug|Any CPU.ActiveCfg = Debug|Any CPU
		{8828D4DF-97C0-4D7C-97E1-CB0B06790DAE}.Debug|Any CPU.Build.0 = Debug|Any CPU
		{8828D4DF-97C0-4D7C-97E1-CB0B06790DAE}.Release|Any CPU.ActiveCfg = Release|Any CPU
		{8828D4DF-97C0-4D7C-97E1-CB0B06790DAE}.Release|Any CPU.Build.0 = Release|Any CPU
		{201158A5-CC1E-4589-BE92-D36AA58D8BBA}.Debug|Any CPU.ActiveCfg = Debug|Any CPU
		{201158A5-CC1E-4589-BE92-D36AA58D8BBA}.Debug|Any CPU.Build.0 = Debug|Any CPU
		{201158A5-CC1E-4589-BE92-D36AA58D8BBA}.Release|Any CPU.ActiveCfg = Release|Any CPU
		{201158A5-CC1E-4589-BE92-D36AA58D8BBA}.Release|Any CPU.Build.0 = Release|Any CPU
	EndGlobalSection
	GlobalSection(SolutionProperties) = preSolution
		HideSolutionNode = FALSE
	EndGlobalSection
	GlobalSection(NestedProjects) = preSolution
		{201158A5-CC1E-4589-BE92-D36AA58D8BBA} = {6A08C030-8718-4C34-91C3-1FDDFD705402}
	EndGlobalSection
	GlobalSection(ExtensibilityGlobals) = postSolution
		SolutionGuid = {D365EFEB-6448-4E35-8167-89CC7D181C84}
	EndGlobalSection
EndGlobal
